<?xml version="1.0" encoding="utf-8"?>
<Project ToolsVersion="4.0" xmlns="http://schemas.microsoft.com/developer/msbuild/2003">
  <ItemGroup>
    <Filter Include="Source Files">
      <UniqueIdentifier>{4FC737F1-C7A5-4376-A066-2A32D752A2FF}</UniqueIdentifier>
      <Extensions>cpp;c;cc;cxx;def;odl;idl;hpj;bat;asm;asmx</Extensions>
    </Filter>
    <Filter Include="Header Files">
      <UniqueIdentifier>{93995380-89BD-4b04-88EB-625FBE52EBFB}</UniqueIdentifier>
      <Extensions>h;hh;hpp;hxx;hm;inl;inc;xsd</Extensions>
    </Filter>
    <Filter Include="Resource Files">
      <UniqueIdentifier>{67DA6AB6-F800-4c08-8B7A-83BB121AAD01}</UniqueIdentifier>
      <Extensions>rc;ico;cur;bmp;dlg;rc2;rct;bin;rgs;gif;jpg;jpeg;jpe;resx;tiff;tif;png;wav;mfcribbon-ms</Extensions>
    </Filter>
    <Filter Include="Header Files\Poon">
      <UniqueIdentifier>{8f80ec7b-212a-4875-8fbc-36dfb2e3092d}</UniqueIdentifier>
    </Filter>
    <Filter Include="Source Files\Poon">
      <UniqueIdentifier>{4578d66c-b6be-4a43-9ada-608214f9dc88}</UniqueIdentifier>
    </Filter>
    <Filter Include="Header Files\Util">
      <UniqueIdentifier>{dae1f405-55e4-4114-af86-29148eadf90b}</UniqueIdentifier>
    </Filter>
    <Filter Include="Source Files\Util">
      <UniqueIdentifier>{d83d84f4-81de-44bf-8063-6d483f5201a7}</UniqueIdentifier>
    </Filter>
  </ItemGroup>
  <ItemGroup>
    <Text Include="ReadMe.txt" />
  </ItemGroup>
  <ItemGroup>
    <ClInclude Include="PoonRun.h">
      <Filter>Header Files\Poon</Filter>
    </ClInclude>
    <ClInclude Include="PoonParameter.h">
      <Filter>Header Files\Poon</Filter>
    </ClInclude>
    <ClInclude Include="PoonDataset.h">
      <Filter>Header Files\Poon</Filter>
    </ClInclude>
    <ClInclude Include="ImagePGM.h">
      <Filter>Header Files\Util</Filter>
    </ClInclude>
    <ClInclude Include="PoonSPN.h">
      <Filter>Header Files\Poon</Filter>
    </ClInclude>
    <ClInclude Include="PoonInstance.h">
      <Filter>Header Files\Poon</Filter>
    </ClInclude>
    <ClInclude Include="PoonNode.h">
      <Filter>Header Files\Poon</Filter>
    </ClInclude>
    <ClInclude Include="PoonProdNode.h">
      <Filter>Header Files\Poon</Filter>
    </ClInclude>
    <ClInclude Include="PoonRegion.h">
      <Filter>Header Files\Poon</Filter>
    </ClInclude>
    <ClInclude Include="PoonSumNode.h">
      <Filter>Header Files\Poon</Filter>
    </ClInclude>
  </ItemGroup>
  <ItemGroup>
    <ClCompile Include="PoonRun.cpp">
      <Filter>Source Files\Poon</Filter>
    </ClCompile>
    <ClCompile Include="main.cpp">
      <Filter>Source Files</Filter>
    </ClCompile>
    <ClCompile Include="PoonDataset.cpp">
      <Filter>Source Files\Poon</Filter>
    </ClCompile>
    <ClCompile Include="ImagePGM.cpp">
      <Filter>Source Files\Util</Filter>
    </ClCompile>
    <ClCompile Include="PoonSPN.cpp">
      <Filter>Source Files\Poon</Filter>
    </ClCompile>
    <ClCompile Include="PoonSumNode.cpp">
      <Filter>Source Files\Poon</Filter>
    </ClCompile>
    <ClCompile Include="PoonRegion.cpp">
      <Filter>Source Files\Poon</Filter>
    </ClCompile>
    <ClCompile Include="PoonProdNode.cpp">
      <Filter>Source Files\Poon</Filter>
    </ClCompile>
    <ClCompile Include="PoonNode.cpp">
      <Filter>Source Files\Poon</Filter>
    </ClCompile>
  </ItemGroup>
</Project>